
Microsoft Visual Studio Solution File, Format Version 12.00
# Visual Studio Version 17
VisualStudioVersion = 17.14.36915.13 d17.14
MinimumVisualStudioVersion = 10.0.40219.1
Project("{FAE04EC0-301F-11D3-BF4B-00C04F79EFBC}") = "DMF_Services", "DMF_Services\DMF_Services.csproj", "{73D8F2FB-32C5-49D8-B1B4-448E32AAA9E3}"
EndProject
Global
	GlobalSection(SolutionConfigurationPlatforms) = preSolution
		Debug|Any CPU = Debug|Any CPU
		Release|Any CPU = Release|Any CPU
	EndGlobalSection
	GlobalSection(ProjectConfigurationPlatforms) = postSolution
		{73D8F2FB-32C5-49D8-B1B4-448E32AAA9E3}.Debug|Any CPU.ActiveCfg = Debug|Any CPU
		{73D8F2FB-32C5-49D8-B1B4-448E32AAA9E3}.Debug|Any CPU.Build.0 = Debug|Any CPU
		{73D8F2FB-32C5-49D8-B1B4-448E32AAA9E3}.Release|Any CPU.ActiveCfg = Release|Any CPU
		{73D8F2FB-32C5-49D8-B1B4-448E32AAA9E3}.Release|Any CPU.Build.0 = Release|Any CPU
	EndGlobalSection
	GlobalSection(SolutionProperties) = preSolution
		HideSolutionNode = FALSE
	EndGlobalSection
	GlobalSection(ExtensibilityGlobals) = postSolution
		SolutionGuid = {C72BAD55-4F77-43E1-9600-9A0EC79D24E0}
	EndGlobalSection
EndGlobal
